
Microsoft Visual Studio Solution File, Format Version 12.00
# Visual Studio 15
VisualStudioVersion = 15.0.26730.12
MinimumVisualStudioVersion = 10.0.40219.1
Project("{FAE04EC0-301F-11D3-BF4B-00C04F79EFBC}") = "ManipulationDemo", "ManipulationDemo\ManipulationDemo.csproj", "{EA6E3FAD-AB75-418D-9062-6C694581CCDC}"
EndProject
Global
	GlobalSection(SolutionConfigurationPlatforms) = preSolution
		Debug|Any CPU = Debug|Any CPU
		Release|Any CPU = Release|Any CPU
	EndGlobalSection
	GlobalSection(ProjectConfigurationPlatforms) = postSolution
		{EA6E3FAD-AB75-418D-9062-6C694581CCDC}.Debug|Any CPU.ActiveCfg = Debug|Any CPU
		{EA6E3FAD-AB75-418D-9062-6C694581CCDC}.Debug|Any CPU.Build.0 = Debug|Any CPU
		{EA6E3FAD-AB75-418D-9062-6C694581CCDC}.Release|Any CPU.ActiveCfg = Release|Any CPU
		{EA6E3FAD-AB75-418D-9062-6C694581CCDC}.Release|Any CPU.Build.0 = Release|Any CPU
	EndGlobalSection
	GlobalSection(SolutionProperties) = preSolution
		HideSolutionNode = FALSE
	EndGlobalSection
	GlobalSection(ExtensibilityGlobals) = postSolution
		SolutionGuid = {9B86C617-053F-4192-AC4A-AC1DB1363718}
	EndGlobalSection
EndGlobal
